
Microsoft Visual Studio Solution File, Format Version 12.00
# Visual Studio Version 17
VisualStudioVersion = 17.14.36121.58
MinimumVisualStudioVersion = 10.0.40219.1
Project("{2150E333-8FDC-42A3-9474-1A3956D46DE8}") = "src", "src", "{02EA681E-C7D8-13C7-8484-4AC65E1B71E8}"
EndProject
Project("{2150E333-8FDC-42A3-9474-1A3956D46DE8}") = "Solution Items", "Solution Items", "{8EC462FD-D22E-90A8-E5CE-7E832BA40C5D}"
	ProjectSection(SolutionItems) = preProject
		.env = .env
		.env.example = .env.example
		.gitignore = .gitignore
		README.md = README.md
	EndProjectSection
EndProject
Project("{FAE04EC0-301F-11D3-BF4B-00C04F79EFBC}") = "EduConnect.API", "EduConnect.API\EduConnect.API.csproj", "{A3BBA726-52A2-45CA-9A5C-9A6FB3CA8129}"
EndProject
Project("{FAE04EC0-301F-11D3-BF4B-00C04F79EFBC}") = "EduConnect.Application", "EduConnect.Application\EduConnect.Application.csproj", "{40B3EB41-D515-4565-B9B2-DD6343287342}"
EndProject
Project("{FAE04EC0-301F-11D3-BF4B-00C04F79EFBC}") = "EduConnect.Domain", "EduConnect.Domain\EduConnect.Domain.csproj", "{42EB8737-E97E-4E9E-94CE-5AD32B5C375A}"
EndProject
Project("{FAE04EC0-301F-11D3-BF4B-00C04F79EFBC}") = "EduConnect.Infrastructure", "EduConnect.Infrastructure\EduConnect.Infrastructure.csproj", "{54ED65A4-EFA8-4830-9EA3-244CF19F929D}"
EndProject
Project("{FAE04EC0-301F-11D3-BF4B-00C04F79EFBC}") = "EduConnect.Persistence", "EduConnect.Persistence\EduConnect.Persistence.csproj", "{9F16DC1C-A30B-4671-A86D-3C07481040A8}"
EndProject
Project("{FAE04EC0-301F-11D3-BF4B-00C04F79EFBC}") = "EduConnect.AppHost", "EduConnect.AppHost\EduConnect.AppHost.csproj", "{AE35AE26-280F-446D-89A3-BA7628F96F72}"
EndProject
Project("{FAE04EC0-301F-11D3-BF4B-00C04F79EFBC}") = "EduConnect.ServiceDefaults", "EduConnect.ServiceDefaults\EduConnect.ServiceDefaults.csproj", "{1E935AFF-C76D-4DF5-8E11-FFB29C81B7B6}"
EndProject
Project("{FAE04EC0-301F-11D3-BF4B-00C04F79EFBC}") = "EduConnect.ChatbotAPI", "EduConnect.ChatbotAPI\EduConnect.ChatbotAPI.csproj", "{A16FB323-7803-4100-BF12-D8572F698A51}"
EndProject
Global
	GlobalSection(SolutionConfigurationPlatforms) = preSolution
		Debug|Any CPU = Debug|Any CPU
		Release|Any CPU = Release|Any CPU
	EndGlobalSection
	GlobalSection(ProjectConfigurationPlatforms) = postSolution
		{A3BBA726-52A2-45CA-9A5C-9A6FB3CA8129}.Debug|Any CPU.ActiveCfg = Debug|Any CPU
		{A3BBA726-52A2-45CA-9A5C-9A6FB3CA8129}.Debug|Any CPU.Build.0 = Debug|Any CPU
		{A3BBA726-52A2-45CA-9A5C-9A6FB3CA8129}.Release|Any CPU.ActiveCfg = Release|Any CPU
		{A3BBA726-52A2-45CA-9A5C-9A6FB3CA8129}.Release|Any CPU.Build.0 = Release|Any CPU
		{40B3EB41-D515-4565-B9B2-DD6343287342}.Debug|Any CPU.ActiveCfg = Debug|Any CPU
		{40B3EB41-D515-4565-B9B2-DD6343287342}.Debug|Any CPU.Build.0 = Debug|Any CPU
		{40B3EB41-D515-4565-B9B2-DD6343287342}.Release|Any CPU.ActiveCfg = Release|Any CPU
		{40B3EB41-D515-4565-B9B2-DD6343287342}.Release|Any CPU.Build.0 = Release|Any CPU
		{42EB8737-E97E-4E9E-94CE-5AD32B5C375A}.Debug|Any CPU.ActiveCfg = Debug|Any CPU
		{42EB8737-E97E-4E9E-94CE-5AD32B5C375A}.Debug|Any CPU.Build.0 = Debug|Any CPU
		{42EB8737-E97E-4E9E-94CE-5AD32B5C375A}.Release|Any CPU.ActiveCfg = Release|Any CPU
		{42EB8737-E97E-4E9E-94CE-5AD32B5C375A}.Release|Any CPU.Build.0 = Release|Any CPU
		{54ED65A4-EFA8-4830-9EA3-244CF19F929D}.Debug|Any CPU.ActiveCfg = Debug|Any CPU
		{54ED65A4-EFA8-4830-9EA3-244CF19F929D}.Debug|Any CPU.Build.0 = Debug|Any CPU
		{54ED65A4-EFA8-4830-9EA3-244CF19F929D}.Release|Any CPU.ActiveCfg = Release|Any CPU
		{54ED65A4-EFA8-4830-9EA3-244CF19F929D}.Release|Any CPU.Build.0 = Release|Any CPU
		{9F16DC1C-A30B-4671-A86D-3C07481040A8}.Debug|Any CPU.ActiveCfg = Debug|Any CPU
		{9F16DC1C-A30B-4671-A86D-3C07481040A8}.Debug|Any CPU.Build.0 = Debug|Any CPU
		{9F16DC1C-A30B-4671-A86D-3C07481040A8}.Release|Any CPU.ActiveCfg = Release|Any CPU
		{9F16DC1C-A30B-4671-A86D-3C07481040A8}.Release|Any CPU.Build.0 = Release|Any CPU
		{AE35AE26-280F-446D-89A3-BA7628F96F72}.Debug|Any CPU.ActiveCfg = Debug|Any CPU
		{AE35AE26-280F-446D-89A3-BA7628F96F72}.Debug|Any CPU.Build.0 = Debug|Any CPU
		{AE35AE26-280F-446D-89A3-BA7628F96F72}.Release|Any CPU.ActiveCfg = Release|Any CPU
		{AE35AE26-280F-446D-89A3-BA7628F96F72}.Release|Any CPU.Build.0 = Release|Any CPU
		{1E935AFF-C76D-4DF5-8E11-FFB29C81B7B6}.Debug|Any CPU.ActiveCfg = Debug|Any CPU
		{1E935AFF-C76D-4DF5-8E11-FFB29C81B7B6}.Debug|Any CPU.Build.0 = Debug|Any CPU
		{1E935AFF-C76D-4DF5-8E11-FFB29C81B7B6}.Release|Any CPU.ActiveCfg = Release|Any CPU
		{1E935AFF-C76D-4DF5-8E11-FFB29C81B7B6}.Release|Any CPU.Build.0 = Release|Any CPU
		{A16FB323-7803-4100-BF12-D8572F698A51}.Debug|Any CPU.ActiveCfg = Debug|Any CPU
		{A16FB323-7803-4100-BF12-D8572F698A51}.Debug|Any CPU.Build.0 = Debug|Any CPU
		{A16FB323-7803-4100-BF12-D8572F698A51}.Release|Any CPU.ActiveCfg = Release|Any CPU
		{A16FB323-7803-4100-BF12-D8572F698A51}.Release|Any CPU.Build.0 = Release|Any CPU
	EndGlobalSection
	GlobalSection(SolutionProperties) = preSolution
		HideSolutionNode = FALSE
	EndGlobalSection
	GlobalSection(NestedProjects) = preSolution
		{A3BBA726-52A2-45CA-9A5C-9A6FB3CA8129} = {02EA681E-C7D8-13C7-8484-4AC65E1B71E8}
		{40B3EB41-D515-4565-B9B2-DD6343287342} = {02EA681E-C7D8-13C7-8484-4AC65E1B71E8}
		{42EB8737-E97E-4E9E-94CE-5AD32B5C375A} = {02EA681E-C7D8-13C7-8484-4AC65E1B71E8}
		{54ED65A4-EFA8-4830-9EA3-244CF19F929D} = {02EA681E-C7D8-13C7-8484-4AC65E1B71E8}
		{9F16DC1C-A30B-4671-A86D-3C07481040A8} = {02EA681E-C7D8-13C7-8484-4AC65E1B71E8}
		{AE35AE26-280F-446D-89A3-BA7628F96F72} = {02EA681E-C7D8-13C7-8484-4AC65E1B71E8}
		{1E935AFF-C76D-4DF5-8E11-FFB29C81B7B6} = {02EA681E-C7D8-13C7-8484-4AC65E1B71E8}
		{A16FB323-7803-4100-BF12-D8572F698A51} = {02EA681E-C7D8-13C7-8484-4AC65E1B71E8}
	EndGlobalSection
	GlobalSection(ExtensibilityGlobals) = postSolution
		SolutionGuid = {2D8E6BFE-0CB3-4A22-AB56-4CC1C83ABBF0}
	EndGlobalSection
EndGlobal
